
Microsoft Visual Studio Solution File, Format Version 12.00
# Visual Studio Version 17
VisualStudioVersion = 17.1.32210.238
MinimumVisualStudioVersion = 10.0.40219.1
Project("{FAE04EC0-301F-11D3-BF4B-00C04F79EFBC}") = "Angliverba", "Angliverba.csproj", "{BB5BDD23-4D7F-4A30-B6AE-C9D09522390E}"
EndProject
Global
	GlobalSection(SolutionConfigurationPlatforms) = preSolution
		Debug|Any CPU = Debug|Any CPU
		Release|Any CPU = Release|Any CPU
	EndGlobalSection
	GlobalSection(ProjectConfigurationPlatforms) = postSolution
		{BB5BDD23-4D7F-4A30-B6AE-C9D09522390E}.Debug|Any CPU.ActiveCfg = Debug|Any CPU
		{BB5BDD23-4D7F-4A30-B6AE-C9D09522390E}.Debug|Any CPU.Build.0 = Debug|Any CPU
		{BB5BDD23-4D7F-4A30-B6AE-C9D09522390E}.Release|Any CPU.ActiveCfg = Release|Any CPU
		{BB5BDD23-4D7F-4A30-B6AE-C9D09522390E}.Release|Any CPU.Build.0 = Release|Any CPU
	EndGlobalSection
	GlobalSection(SolutionProperties) = preSolution
		HideSolutionNode = FALSE
	EndGlobalSection
	GlobalSection(ExtensibilityGlobals) = postSolution
		SolutionGuid = {D8CA7C75-D6DC-4181-8FC6-5E46DA1D3E5D}
	EndGlobalSection
EndGlobal
